
Microsoft Visual Studio Solution File, Format Version 12.00
# Visual Studio 15
VisualStudioVersion = 15.0.27130.2010
MinimumVisualStudioVersion = 10.0.40219.1
Project("{FAE04EC0-301F-11D3-BF4B-00C04F79EFBC}") = "lowbotCFR", "lowbotCFR\lowbotCFR.csproj", "{6882FDDE-47A4-47D8-920D-5F97CB0E6930}"
EndProject
Global
	GlobalSection(SolutionConfigurationPlatforms) = preSolution
		Debug|Any CPU = Debug|Any CPU
		Release|Any CPU = Release|Any CPU
	EndGlobalSection
	GlobalSection(ProjectConfigurationPlatforms) = postSolution
		{6882FDDE-47A4-47D8-920D-5F97CB0E6930}.Debug|Any CPU.ActiveCfg = Debug|Any CPU
		{6882FDDE-47A4-47D8-920D-5F97CB0E6930}.Debug|Any CPU.Build.0 = Debug|Any CPU
		{6882FDDE-47A4-47D8-920D-5F97CB0E6930}.Release|Any CPU.ActiveCfg = Release|Any CPU
		{6882FDDE-47A4-47D8-920D-5F97CB0E6930}.Release|Any CPU.Build.0 = Release|Any CPU
	EndGlobalSection
	GlobalSection(SolutionProperties) = preSolution
		HideSolutionNode = FALSE
	EndGlobalSection
	GlobalSection(ExtensibilityGlobals) = postSolution
		SolutionGuid = {A2AD543A-A9DA-49E9-8BF6-3281A41C2A60}
	EndGlobalSection
EndGlobal
